
Microsoft Visual Studio Solution File, Format Version 12.00
# Visual Studio Version 17
VisualStudioVersion = 17.7.34031.279
MinimumVisualStudioVersion = 10.0.40219.1
Project("{FAE04EC0-301F-11D3-BF4B-00C04F79EFBC}") = "ProjetoSelecaoDesenvolvimento", "ProjetoSelecaoDesenvolvimento\ProjetoSelecaoDesenvolvimento.csproj", "{8FFC9A18-A84F-45C2-A4D3-9C421152B521}"
EndProject
Global
	GlobalSection(SolutionConfigurationPlatforms) = preSolution
		Debug|Any CPU = Debug|Any CPU
		Release|Any CPU = Release|Any CPU
	EndGlobalSection
	GlobalSection(ProjectConfigurationPlatforms) = postSolution
		{8FFC9A18-A84F-45C2-A4D3-9C421152B521}.Debug|Any CPU.ActiveCfg = Debug|Any CPU
		{8FFC9A18-A84F-45C2-A4D3-9C421152B521}.Debug|Any CPU.Build.0 = Debug|Any CPU
		{8FFC9A18-A84F-45C2-A4D3-9C421152B521}.Release|Any CPU.ActiveCfg = Release|Any CPU
		{8FFC9A18-A84F-45C2-A4D3-9C421152B521}.Release|Any CPU.Build.0 = Release|Any CPU
	EndGlobalSection
	GlobalSection(SolutionProperties) = preSolution
		HideSolutionNode = FALSE
	EndGlobalSection
	GlobalSection(ExtensibilityGlobals) = postSolution
		SolutionGuid = {3670A1D2-516C-44DA-9110-1E07735F8D7F}
	EndGlobalSection
EndGlobal
